
Microsoft Visual Studio Solution File, Format Version 12.00
# Visual Studio 15
VisualStudioVersion = 15.0.27703.2042
MinimumVisualStudioVersion = 10.0.40219.1
Project("{FAE04EC0-301F-11D3-BF4B-00C04F79EFBC}") = "O2MusicList", "Source\O2MusicList.csproj", "{5C5B77D7-3525-450F-B724-6D5FD567916D}"
EndProject
Global
	GlobalSection(SolutionConfigurationPlatforms) = preSolution
		Debug|Any CPU = Debug|Any CPU
		Release|Any CPU = Release|Any CPU
	EndGlobalSection
	GlobalSection(ProjectConfigurationPlatforms) = postSolution
		{5C5B77D7-3525-450F-B724-6D5FD567916D}.Debug|Any CPU.ActiveCfg = Debug|Any CPU
		{5C5B77D7-3525-450F-B724-6D5FD567916D}.Debug|Any CPU.Build.0 = Debug|Any CPU
		{5C5B77D7-3525-450F-B724-6D5FD567916D}.Release|Any CPU.ActiveCfg = Release|Any CPU
		{5C5B77D7-3525-450F-B724-6D5FD567916D}.Release|Any CPU.Build.0 = Release|Any CPU
	EndGlobalSection
	GlobalSection(SolutionProperties) = preSolution
		HideSolutionNode = FALSE
	EndGlobalSection
	GlobalSection(ExtensibilityGlobals) = postSolution
		SolutionGuid = {C3E230AC-EFFC-4022-A1FD-FAA6DBB4D949}
	EndGlobalSection
EndGlobal
